// !$*UTF8*$!
{
	archiveVersion = 1;
	classes = {
	};
	objectVersion = 51;
	objects = {

/* Begin PBXBuildFile section */
		15F9CEA68B676B6CE2442294 /* Pods_FireBase_Login.framework in Frameworks */ = {isa = PBXBuildFile; fileRef = C4D9EBCB6B0CB3D335CFE61C /* Pods_FireBase_Login.framework */; };
		8633045F25AAC03D00F019C9 /* UserInfoTableViewCell.swift in Sources */ = {isa = PBXBuildFile; fileRef = 8633045D25AAC03D00F019C9 /* UserInfoTableViewCell.swift */; };
		8633046025AAC03D00F019C9 /* UserInfoTableViewCell.xib in Resources */ = {isa = PBXBuildFile; fileRef = 8633045E25AAC03D00F019C9 /* UserInfoTableViewCell.xib */; };
		8636BF7525A516210067DB13 /* GoogleService-Info.plist in Resources */ = {isa = PBXBuildFile; fileRef = 8636BF7425A516200067DB13 /* GoogleService-Info.plist */; };
		8648F85225A5EA94001E16F7 /* Extensions.swift in Sources */ = {isa = PBXBuildFile; fileRef = 8648F85125A5EA94001E16F7 /* Extensions.swift */; };
		86AAB73A25A07333003C42CE /* AppDelegate.swift in Sources */ = {isa = PBXBuildFile; fileRef = 86AAB73925A07333003C42CE /* AppDelegate.swift */; };
		86AAB73C25A07333003C42CE /* SceneDelegate.swift in Sources */ = {isa = PBXBuildFile; fileRef = 86AAB73B25A07333003C42CE /* SceneDelegate.swift */; };
		86AAB74325A07334003C42CE /* Assets.xcassets in Resources */ = {isa = PBXBuildFile; fileRef = 86AAB74225A07334003C42CE /* Assets.xcassets */; };
		86AAB74625A07334003C42CE /* LaunchScreen.storyboard in Resources */ = {isa = PBXBuildFile; fileRef = 86AAB74425A07334003C42CE /* LaunchScreen.storyboard */; };
		86AAB75525A074E2003C42CE /* UserList.storyboard in Resources */ = {isa = PBXBuildFile; fileRef = 86AAB75425A074E2003C42CE /* UserList.storyboard */; };
		86AAB75825A0755C003C42CE /* UserListViewController.swift in Sources */ = {isa = PBXBuildFile; fileRef = 86AAB75725A0755C003C42CE /* UserListViewController.swift */; };
		86AAB75C25A0764D003C42CE /* Login.storyboard in Resources */ = {isa = PBXBuildFile; fileRef = 86AAB75B25A0764D003C42CE /* Login.storyboard */; };
		86AAB76325A076DF003C42CE /* AccountSignup.storyboard in Resources */ = {isa = PBXBuildFile; fileRef = 86AAB76225A076DF003C42CE /* AccountSignup.storyboard */; };
		86AAB76625A0771D003C42CE /* AccountSignupViewController.swift in Sources */ = {isa = PBXBuildFile; fileRef = 86AAB76525A0771D003C42CE /* AccountSignupViewController.swift */; };
		86AAB76925A077E9003C42CE /* LoginViewController.swift in Sources */ = {isa = PBXBuildFile; fileRef = 86AAB76825A077E9003C42CE /* LoginViewController.swift */; };
		86AAB76F25A0BE84003C42CE /* DeviceInfo.swift in Sources */ = {isa = PBXBuildFile; fileRef = 86AAB76E25A0BE84003C42CE /* DeviceInfo.swift */; };
		86CDD53C25AA8239001C8DD1 /* User.swift in Sources */ = {isa = PBXBuildFile; fileRef = 86CDD53B25AA8239001C8DD1 /* User.swift */; };
/* End PBXBuildFile section */

/* Begin PBXFileReference section */
		6E5ABBD2ECD33378B9008BCD /* Pods-FireBase_Login.release.xcconfig */ = {isa = PBXFileReference; includeInIndex = 1; lastKnownFileType = text.xcconfig; name = "Pods-FireBase_Login.release.xcconfig"; path = "Target Support Files/Pods-FireBase_Login/Pods-FireBase_Login.release.xcconfig"; sourceTree = "<group>"; };
		8633045D25AAC03D00F019C9 /* UserInfoTableViewCell.swift */ = {isa = PBXFileReference; lastKnownFileType = sourcecode.swift; path = UserInfoTableViewCell.swift; sourceTree = "<group>"; };
		8633045E25AAC03D00F019C9 /* UserInfoTableViewCell.xib */ = {isa = PBXFileReference; lastKnownFileType = file.xib; path = UserInfoTableViewCell.xib; sourceTree = "<group>"; };
		8636BF7425A516200067DB13 /* GoogleService-Info.plist */ = {isa = PBXFileReference; lastKnownFileType = text.plist; path = "GoogleService-Info.plist"; sourceTree = SOURCE_ROOT; };
		8648F85125A5EA94001E16F7 /* Extensions.swift */ = {isa = PBXFileReference; lastKnownFileType = sourcecode.swift; path = Extensions.swift; sourceTree = "<group>"; };
		86AAB73625A07333003C42CE /* FireBase_Login.app */ = {isa = PBXFileReference; explicitFileType = wrapper.application; includeInIndex = 0; path = FireBase_Login.app; sourceTree = BUILT_PRODUCTS_DIR; };
		86AAB73925A07333003C42CE /* AppDelegate.swift */ = {isa = PBXFileReference; lastKnownFileType = sourcecode.swift; path = AppDelegate.swift; sourceTree = "<group>"; };
		86AAB73B25A07333003C42CE /* SceneDelegate.swift */ = {isa = PBXFileReference; lastKnownFileType = sourcecode.swift; path = SceneDelegate.swift; sourceTree = "<group>"; };
		86AAB74225A07334003C42CE /* Assets.xcassets */ = {isa = PBXFileReference; lastKnownFileType = folder.assetcatalog; path = Assets.xcassets; sourceTree = "<group>"; };
		86AAB74525A07334003C42CE /* Base */ = {isa = PBXFileReference; lastKnownFileType = file.storyboard; name = Base; path = Base.lproj/LaunchScreen.storyboard; sourceTree = "<group>"; };
		86AAB74725A07334003C42CE /* Info.plist */ = {isa = PBXFileReference; lastKnownFileType = text.plist.xml; path = Info.plist; sourceTree = "<group>"; };
		86AAB75425A074E2003C42CE /* UserList.storyboard */ = {isa = PBXFileReference; lastKnownFileType = file.storyboard; path = UserList.storyboard; sourceTree = "<group>"; };
		86AAB75725A0755C003C42CE /* UserListViewController.swift */ = {isa = PBXFileReference; lastKnownFileType = sourcecode.swift; path = UserListViewController.swift; sourceTree = "<group>"; };
		86AAB75B25A0764D003C42CE /* Login.storyboard */ = {isa = PBXFileReference; lastKnownFileType = file.storyboard; path = Login.storyboard; sourceTree = "<group>"; };
		86AAB76225A076DF003C42CE /* AccountSignup.storyboard */ = {isa = PBXFileReference; lastKnownFileType = file.storyboard; path = AccountSignup.storyboard; sourceTree = "<group>"; };
		86AAB76525A0771D003C42CE /* AccountSignupViewController.swift */ = {isa = PBXFileReference; lastKnownFileType = sourcecode.swift; path = AccountSignupViewController.swift; sourceTree = "<group>"; };
		86AAB76825A077E9003C42CE /* LoginViewController.swift */ = {isa = PBXFileReference; lastKnownFileType = sourcecode.swift; path = LoginViewController.swift; sourceTree = "<group>"; };
		86AAB76E25A0BE84003C42CE /* DeviceInfo.swift */ = {isa = PBXFileReference; lastKnownFileType = sourcecode.swift; path = DeviceInfo.swift; sourceTree = "<group>"; };
		86CDD53B25AA8239001C8DD1 /* User.swift */ = {isa = PBXFileReference; lastKnownFileType = sourcecode.swift; path = User.swift; sourceTree = "<group>"; };
		B6FFDB6D47BC491C96FE9E7E /* Pods-FireBase_Login.debug.xcconfig */ = {isa = PBXFileReference; includeInIndex = 1; lastKnownFileType = text.xcconfig; name = "Pods-FireBase_Login.debug.xcconfig"; path = "Target Support Files/Pods-FireBase_Login/Pods-FireBase_Login.debug.xcconfig"; sourceTree = "<group>"; };
		C4D9EBCB6B0CB3D335CFE61C /* Pods_FireBase_Login.framework */ = {isa = PBXFileReference; explicitFileType = wrapper.framework; includeInIndex = 0; path = Pods_FireBase_Login.framework; sourceTree = BUILT_PRODUCTS_DIR; };
/* End PBXFileReference section */

/* Begin PBXFrameworksBuildPhase section */
		86AAB73325A07333003C42CE /* Frameworks */ = {
			isa = PBXFrameworksBuildPhase;
			buildActionMask = 2147483647;
			files = (
				15F9CEA68B676B6CE2442294 /* Pods_FireBase_Login.framework in Frameworks */,
			);
			runOnlyForDeploymentPostprocessing = 0;
		};
/* End PBXFrameworksBuildPhase section */

/* Begin PBXGroup section */
		02B77FA3E0803D7F85582E0B /* Frameworks */ = {
			isa = PBXGroup;
			children = (
				C4D9EBCB6B0CB3D335CFE61C /* Pods_FireBase_Login.framework */,
			);
			name = Frameworks;
			sourceTree = "<group>";
		};
		8639782525AA00E8004520D9 /* AlertBoxs */ = {
			isa = PBXGroup;
			children = (
			);
			path = AlertBoxs;
			sourceTree = "<group>";
		};
		86AAB72D25A07333003C42CE = {
			isa = PBXGroup;
			children = (
				86AAB73825A07333003C42CE /* FireBase_Login */,
				86AAB73725A07333003C42CE /* Products */,
				CD0F11E490BE78BC7DAAEDE9 /* Pods */,
				02B77FA3E0803D7F85582E0B /* Frameworks */,
			);
			sourceTree = "<group>";
		};
		86AAB73725A07333003C42CE /* Products */ = {
			isa = PBXGroup;
			children = (
				86AAB73625A07333003C42CE /* FireBase_Login.app */,
			);
			name = Products;
			sourceTree = "<group>";
		};
		86AAB73825A07333003C42CE /* FireBase_Login */ = {
			isa = PBXGroup;
			children = (
				8639782525AA00E8004520D9 /* AlertBoxs */,
				86AAB75325A073AD003C42CE /* Models */,
				86AAB75225A073A3003C42CE /* Nibs */,
				86AAB75A25A075F6003C42CE /* Cells */,
				86AAB75125A0738C003C42CE /* ViewControllers */,
				86AAB75025A07380003C42CE /* StroyBoard */,
				86AAB73925A07333003C42CE /* AppDelegate.swift */,
				86AAB73B25A07333003C42CE /* SceneDelegate.swift */,
				86AAB74225A07334003C42CE /* Assets.xcassets */,
				86AAB74425A07334003C42CE /* LaunchScreen.storyboard */,
				86AAB74725A07334003C42CE /* Info.plist */,
				8636BF7425A516200067DB13 /* GoogleService-Info.plist */,
			);
			path = FireBase_Login;
			sourceTree = "<group>";
		};
		86AAB75025A07380003C42CE /* StroyBoard */ = {
			isa = PBXGroup;
			children = (
				86AAB75425A074E2003C42CE /* UserList.storyboard */,
				86AAB75B25A0764D003C42CE /* Login.storyboard */,
				86AAB76225A076DF003C42CE /* AccountSignup.storyboard */,
			);
			path = StroyBoard;
			sourceTree = "<group>";
		};
		86AAB75125A0738C003C42CE /* ViewControllers */ = {
			isa = PBXGroup;
			children = (
				86AAB76525A0771D003C42CE /* AccountSignupViewController.swift */,
				86AAB76825A077E9003C42CE /* LoginViewController.swift */,
				86AAB75725A0755C003C42CE /* UserListViewController.swift */,
			);
			path = ViewControllers;
			sourceTree = "<group>";
		};
		86AAB75225A073A3003C42CE /* Nibs */ = {
			isa = PBXGroup;
			children = (
			);
			path = Nibs;
			sourceTree = "<group>";
		};
		86AAB75325A073AD003C42CE /* Models */ = {
			isa = PBXGroup;
			children = (
				86AAB76E25A0BE84003C42CE /* DeviceInfo.swift */,
				8648F85125A5EA94001E16F7 /* Extensions.swift */,
				86CDD53B25AA8239001C8DD1 /* User.swift */,
			);
			path = Models;
			sourceTree = "<group>";
		};
		86AAB75A25A075F6003C42CE /* Cells */ = {
			isa = PBXGroup;
			children = (
				8633045D25AAC03D00F019C9 /* UserInfoTableViewCell.swift */,
				8633045E25AAC03D00F019C9 /* UserInfoTableViewCell.xib */,
			);
			path = Cells;
			sourceTree = "<group>";
		};
		CD0F11E490BE78BC7DAAEDE9 /* Pods */ = {
			isa = PBXGroup;
			children = (
				B6FFDB6D47BC491C96FE9E7E /* Pods-FireBase_Login.debug.xcconfig */,
				6E5ABBD2ECD33378B9008BCD /* Pods-FireBase_Login.release.xcconfig */,
			);
			path = Pods;
			sourceTree = "<group>";
		};
/* End PBXGroup section */

/* Begin PBXNativeTarget section */
		86AAB73525A07333003C42CE /* FireBase_Login */ = {
			isa = PBXNativeTarget;
			buildConfigurationList = 86AAB74A25A07334003C42CE /* Build configuration list for PBXNativeTarget "FireBase_Login" */;
			buildPhases = (
				043827EA46E5C67DA488374C /* [CP] Check Pods Manifest.lock */,
				86AAB73225A07333003C42CE /* Sources */,
				86AAB73325A07333003C42CE /* Frameworks */,
				86AAB73425A07333003C42CE /* Resources */,
				8B085C32EB2AB92D188607AE /* [CP] Embed Pods Frameworks */,
			);
			buildRules = (
			);
			dependencies = (
			);
			name = FireBase_Login;
			productName = FireBase_Login;
			productReference = 86AAB73625A07333003C42CE /* FireBase_Login.app */;
			productType = "com.apple.product-type.application";
		};
/* End PBXNativeTarget section */

/* Begin PBXProject section */
		86AAB72E25A07333003C42CE /* Project object */ = {
			isa = PBXProject;
			attributes = {
				LastSwiftUpdateCheck = 1230;
				LastUpgradeCheck = 1230;
				TargetAttributes = {
					86AAB73525A07333003C42CE = {
						CreatedOnToolsVersion = 12.3;
					};
				};
			};
			buildConfigurationList = 86AAB73125A07333003C42CE /* Build configuration list for PBXProject "FireBase_Login" */;
			compatibilityVersion = "Xcode 9.3";
			developmentRegion = en;
			hasScannedForEncodings = 0;
			knownRegions = (
				en,
				Base,
			);
			mainGroup = 86AAB72D25A07333003C42CE;
			productRefGroup = 86AAB73725A07333003C42CE /* Products */;
			projectDirPath = "";
			projectRoot = "";
			targets = (
				86AAB73525A07333003C42CE /* FireBase_Login */,
			);
		};
/* End PBXProject section */

/* Begin PBXResourcesBuildPhase section */
		86AAB73425A07333003C42CE /* Resources */ = {
			isa = PBXResourcesBuildPhase;
			buildActionMask = 2147483647;
			files = (
				86AAB75C25A0764D003C42CE /* Login.storyboard in Resources */,
				86AAB75525A074E2003C42CE /* UserList.storyboard in Resources */,
				8633046025AAC03D00F019C9 /* UserInfoTableViewCell.xib in Resources */,
				86AAB74625A07334003C42CE /* LaunchScreen.storyboard in Resources */,
				86AAB76325A076DF003C42CE /* AccountSignup.storyboard in Resources */,
				86AAB74325A07334003C42CE /* Assets.xcassets in Resources */,
				8636BF7525A516210067DB13 /* GoogleService-Info.plist in Resources */,
			);
			runOnlyForDeploymentPostprocessing = 0;
		};
/* End PBXResourcesBuildPhase section */

/* Begin PBXShellScriptBuildPhase section */
		043827EA46E5C67DA488374C /* [CP] Check Pods Manifest.lock */ = {
			isa = PBXShellScriptBuildPhase;
			buildActionMask = 2147483647;
			files = (
			);
			inputFileListPaths = (
			);
			inputPaths = (
				"${PODS_PODFILE_DIR_PATH}/Podfile.lock",
				"${PODS_ROOT}/Manifest.lock",
			);
			name = "[CP] Check Pods Manifest.lock";
			outputFileListPaths = (
			);
			outputPaths = (
				"$(DERIVED_FILE_DIR)/Pods-FireBase_Login-checkManifestLockResult.txt",
			);
			runOnlyForDeploymentPostprocessing = 0;
			shellPath = /bin/sh;
			shellScript = "diff \"${PODS_PODFILE_DIR_PATH}/Podfile.lock\" \"${PODS_ROOT}/Manifest.lock\" > /dev/null\nif [ $? != 0 ] ; then\n    # print error to STDERR\n    echo \"error: The sandbox is not in sync with the Podfile.lock. Run 'pod install' or update your CocoaPods installation.\" >&2\n    exit 1\nfi\n# This output is used by Xcode 'outputs' to avoid re-running this script phase.\necho \"SUCCESS\" > \"${SCRIPT_OUTPUT_FILE_0}\"\n";
			showEnvVarsInLog = 0;
		};
		8B085C32EB2AB92D188607AE /* [CP] Embed Pods Frameworks */ = {
			isa = PBXShellScriptBuildPhase;
			buildActionMask = 2147483647;
			files = (
			);
			inputFileListPaths = (
				"${PODS_ROOT}/Target Support Files/Pods-FireBase_Login/Pods-FireBase_Login-frameworks-${CONFIGURATION}-input-files.xcfilelist",
			);
			name = "[CP] Embed Pods Frameworks";
			outputFileListPaths = (
				"${PODS_ROOT}/Target Support Files/Pods-FireBase_Login/Pods-FireBase_Login-frameworks-${CONFIGURATION}-output-files.xcfilelist",
			);
			runOnlyForDeploymentPostprocessing = 0;
			shellPath = /bin/sh;
			shellScript = "\"${PODS_ROOT}/Target Support Files/Pods-FireBase_Login/Pods-FireBase_Login-frameworks.sh\"\n";
			showEnvVarsInLog = 0;
		};
/* End PBXShellScriptBuildPhase section */

/* Begin PBXSourcesBuildPhase section */
		86AAB73225A07333003C42CE /* Sources */ = {
			isa = PBXSourcesBuildPhase;
			buildActionMask = 2147483647;
			files = (
				86AAB73A25A07333003C42CE /* AppDelegate.swift in Sources */,
				86AAB76F25A0BE84003C42CE /* DeviceInfo.swift in Sources */,
				86AAB73C25A07333003C42CE /* SceneDelegate.swift in Sources */,
				8633045F25AAC03D00F019C9 /* UserInfoTableViewCell.swift in Sources */,
				86AAB76625A0771D003C42CE /* AccountSignupViewController.swift in Sources */,
				86CDD53C25AA8239001C8DD1 /* User.swift in Sources */,
				86AAB76925A077E9003C42CE /* LoginViewController.swift in Sources */,
				86AAB75825A0755C003C42CE /* UserListViewController.swift in Sources */,
				8648F85225A5EA94001E16F7 /* Extensions.swift in Sources */,
			);
			runOnlyForDeploymentPostprocessing = 0;
		};
/* End PBXSourcesBuildPhase section */

/* Begin PBXVariantGroup section */
		86AAB74425A07334003C42CE /* LaunchScreen.storyboard */ = {
			isa = PBXVariantGroup;
			children = (
				86AAB74525A07334003C42CE /* Base */,
			);
			name = LaunchScreen.storyboard;
			sourceTree = "<group>";
		};
/* End PBXVariantGroup section */

/* Begin XCBuildConfiguration section */
		86AAB74825A07334003C42CE /* Debug */ = {
			isa = XCBuildConfiguration;
			buildSettings = {
				ALWAYS_SEARCH_USER_PATHS = NO;
				CLANG_ANALYZER_NONNULL = YES;
				CLANG_ANALYZER_NUMBER_OBJECT_CONVERSION = YES_AGGRESSIVE;
				CLANG_CXX_LANGUAGE_STANDARD = "gnu++14";
				CLANG_CXX_LIBRARY = "libc++";
				CLANG_ENABLE_MODULES = YES;
				CLANG_ENABLE_OBJC_ARC = YES;
				CLANG_ENABLE_OBJC_WEAK = YES;
				CLANG_WARN_BLOCK_CAPTURE_AUTORELEASING = YES;
				CLANG_WARN_BOOL_CONVERSION = YES;
				CLANG_WARN_COMMA = YES;
				CLANG_WARN_CONSTANT_CONVERSION = YES;
				CLANG_WARN_DEPRECATED_OBJC_IMPLEMENTATIONS = YES;
				CLANG_WARN_DIRECT_OBJC_ISA_USAGE = YES_ERROR;
				CLANG_WARN_DOCUMENTATION_COMMENTS = YES;
				CLANG_WARN_EMPTY_BODY = YES;
				CLANG_WARN_ENUM_CONVERSION = YES;
				CLANG_WARN_INFINITE_RECURSION = YES;
				CLANG_WARN_INT_CONVERSION = YES;
				CLANG_WARN_NON_LITERAL_NULL_CONVERSION = YES;
				CLANG_WARN_OBJC_IMPLICIT_RETAIN_SELF = YES;
				CLANG_WARN_OBJC_LITERAL_CONVERSION = YES;
				CLANG_WARN_OBJC_ROOT_CLASS = YES_ERROR;
				CLANG_WARN_QUOTED_INCLUDE_IN_FRAMEWORK_HEADER = YES;
				CLANG_WARN_RANGE_LOOP_ANALYSIS = YES;
				CLANG_WARN_STRICT_PROTOTYPES = YES;
				CLANG_WARN_SUSPICIOUS_MOVE = YES;
				CLANG_WARN_UNGUARDED_AVAILABILITY = YES_AGGRESSIVE;
				CLANG_WARN_UNREACHABLE_CODE = YES;
				CLANG_WARN__DUPLICATE_METHOD_MATCH = YES;
				COPY_PHASE_STRIP = NO;
				DEBUG_INFORMATION_FORMAT = dwarf;
				ENABLE_STRICT_OBJC_MSGSEND = YES;
				ENABLE_TESTABILITY = YES;
				GCC_C_LANGUAGE_STANDARD = gnu11;
				GCC_DYNAMIC_NO_PIC = NO;
				GCC_NO_COMMON_BLOCKS = YES;
				GCC_OPTIMIZATION_LEVEL = 0;
				GCC_PREPROCESSOR_DEFINITIONS = (
					"DEBUG=1",
					"$(inherited)",
				);
				GCC_WARN_64_TO_32_BIT_CONVERSION = YES;
				GCC_WARN_ABOUT_RETURN_TYPE = YES_ERROR;
				GCC_WARN_UNDECLARED_SELECTOR = YES;
				GCC_WARN_UNINITIALIZED_AUTOS = YES_AGGRESSIVE;
				GCC_WARN_UNUSED_FUNCTION = YES;
				GCC_WARN_UNUSED_VARIABLE = YES;
				IPHONEOS_DEPLOYMENT_TARGET = 14.3;
				MTL_ENABLE_DEBUG_INFO = INCLUDE_SOURCE;
				MTL_FAST_MATH = YES;
				ONLY_ACTIVE_ARCH = YES;
				SDKROOT = iphoneos;
				SWIFT_ACTIVE_COMPILATION_CONDITIONS = DEBUG;
				SWIFT_OPTIMIZATION_LEVEL = "-Onone";
			};
			name = Debug;
		};
		86AAB74925A07334003C42CE /* Release */ = {
			isa = XCBuildConfiguration;
			buildSettings = {
				ALWAYS_SEARCH_USER_PATHS = NO;
				CLANG_ANALYZER_NONNULL = YES;
				CLANG_ANALYZER_NUMBER_OBJECT_CONVERSION = YES_AGGRESSIVE;
				CLANG_CXX_LANGUAGE_STANDARD = "gnu++14";
				CLANG_CXX_LIBRARY = "libc++";
				CLANG_ENABLE_MODULES = YES;
				CLANG_ENABLE_OBJC_ARC = YES;
				CLANG_ENABLE_OBJC_WEAK = YES;
				CLANG_WARN_BLOCK_CAPTURE_AUTORELEASING = YES;
				CLANG_WARN_BOOL_CONVERSION = YES;
				CLANG_WARN_COMMA = YES;
				CLANG_WARN_CONSTANT_CONVERSION = YES;
				CLANG_WARN_DEPRECATED_OBJC_IMPLEMENTATIONS = YES;
				CLANG_WARN_DIRECT_OBJC_ISA_USAGE = YES_ERROR;
				CLANG_WARN_DOCUMENTATION_COMMENTS = YES;
				CLANG_WARN_EMPTY_BODY = YES;
				CLANG_WARN_ENUM_CONVERSION = YES;
				CLANG_WARN_INFINITE_RECURSION = YES;
				CLANG_WARN_INT_CONVERSION = YES;
				CLANG_WARN_NON_LITERAL_NULL_CONVERSION = YES;
				CLANG_WARN_OBJC_IMPLICIT_RETAIN_SELF = YES;
				CLANG_WARN_OBJC_LITERAL_CONVERSION = YES;
				CLANG_WARN_OBJC_ROOT_CLASS = YES_ERROR;
				CLANG_WARN_QUOTED_INCLUDE_IN_FRAMEWORK_HEADER = YES;
				CLANG_WARN_RANGE_LOOP_ANALYSIS = YES;
				CLANG_WARN_STRICT_PROTOTYPES = YES;
				CLANG_WARN_SUSPICIOUS_MOVE = YES;
				CLANG_WARN_UNGUARDED_AVAILABILITY = YES_AGGRESSIVE;
				CLANG_WARN_UNREACHABLE_CODE = YES;
				CLANG_WARN__DUPLICATE_METHOD_MATCH = YES;
				COPY_PHASE_STRIP = NO;
				DEBUG_INFORMATION_FORMAT = "dwarf-with-dsym";
				ENABLE_NS_ASSERTIONS = NO;
				ENABLE_STRICT_OBJC_MSGSEND = YES;
				GCC_C_LANGUAGE_STANDARD = gnu11;
				GCC_NO_COMMON_BLOCKS = YES;
				GCC_WARN_64_TO_32_BIT_CONVERSION = YES;
				GCC_WARN_ABOUT_RETURN_TYPE = YES_ERROR;
				GCC_WARN_UNDECLARED_SELECTOR = YES;
				GCC_WARN_UNINITIALIZED_AUTOS = YES_AGGRESSIVE;
				GCC_WARN_UNUSED_FUNCTION = YES;
				GCC_WARN_UNUSED_VARIABLE = YES;
				IPHONEOS_DEPLOYMENT_TARGET = 14.3;
				MTL_ENABLE_DEBUG_INFO = NO;
				MTL_FAST_MATH = YES;
				SDKROOT = iphoneos;
				SWIFT_COMPILATION_MODE = wholemodule;
				SWIFT_OPTIMIZATION_LEVEL = "-O";
				VALIDATE_PRODUCT = YES;
			};
			name = Release;
		};
		86AAB74B25A07334003C42CE /* Debug */ = {
			isa = XCBuildConfiguration;
			baseConfigurationReference = B6FFDB6D47BC491C96FE9E7E /* Pods-FireBase_Login.debug.xcconfig */;
			buildSettings = {
				ASSETCATALOG_COMPILER_APPICON_NAME = AppIcon;
				ASSETCATALOG_COMPILER_GLOBAL_ACCENT_COLOR_NAME = AccentColor;
				CODE_SIGN_STYLE = Automatic;
				DEVELOPMENT_TEAM = KF5FK9BCXT;
				INFOPLIST_FILE = FireBase_Login/Info.plist;
				LD_RUNPATH_SEARCH_PATHS = (
					"$(inherited)",
					"@executable_path/Frameworks",
				);
				PRODUCT_BUNDLE_IDENTIFIER = "detacl73-gmail.com.FireBase-Login";
				PRODUCT_NAME = "$(TARGET_NAME)";
				SWIFT_VERSION = 5.0;
				TARGETED_DEVICE_FAMILY = "1,2";
			};
			name = Debug;
		};
		86AAB74C25A07334003C42CE /* Release */ = {
			isa = XCBuildConfiguration;
			baseConfigurationReference = 6E5ABBD2ECD33378B9008BCD /* Pods-FireBase_Login.release.xcconfig */;
			buildSettings = {
				ASSETCATALOG_COMPILER_APPICON_NAME = AppIcon;
				ASSETCATALOG_COMPILER_GLOBAL_ACCENT_COLOR_NAME = AccentColor;
				CODE_SIGN_STYLE = Automatic;
				DEVELOPMENT_TEAM = KF5FK9BCXT;
				INFOPLIST_FILE = FireBase_Login/Info.plist;
				LD_RUNPATH_SEARCH_PATHS = (
					"$(inherited)",
					"@executable_path/Frameworks",
				);
				PRODUCT_BUNDLE_IDENTIFIER = "detacl73-gmail.com.FireBase-Login";
				PRODUCT_NAME = "$(TARGET_NAME)";
				SWIFT_VERSION = 5.0;
				TARGETED_DEVICE_FAMILY = "1,2";
			};
			name = Release;
		};
/* End XCBuildConfiguration section */

/* Begin XCConfigurationList section */
		86AAB73125A07333003C42CE /* Build configuration list for PBXProject "FireBase_Login" */ = {
			isa = XCConfigurationList;
			buildConfigurations = (
				86AAB74825A07334003C42CE /* Debug */,
				86AAB74925A07334003C42CE /* Release */,
			);
			defaultConfigurationIsVisible = 0;
			defaultConfigurationName = Release;
		};
		86AAB74A25A07334003C42CE /* Build configuration list for PBXNativeTarget "FireBase_Login" */ = {
			isa = XCConfigurationList;
			buildConfigurations = (
				86AAB74B25A07334003C42CE /* Debug */,
				86AAB74C25A07334003C42CE /* Release */,
			);
			defaultConfigurationIsVisible = 0;
			defaultConfigurationName = Release;
		};
/* End XCConfigurationList section */
	};
	rootObject = 86AAB72E25A07333003C42CE /* Project object */;
}
